<?xml version="1.0" encoding="utf-8"?>
<Project ToolsVersion="4.0" xmlns="http://schemas.microsoft.com/developer/msbuild/2003">
  <ItemGroup>
    <Filter Include="Source Files">
      <UniqueIdentifier>{4FC737F1-C7A5-4376-A066-2A32D752A2FF}</UniqueIdentifier>
      <Extensions>cpp;c;cc;cxx;c++;cppm;ixx;def;odl;idl;hpj;bat;asm;asmx</Extensions>
    </Filter>
    <Filter Include="Header Files">
      <UniqueIdentifier>{93995380-89BD-4b04-88EB-625FBE52EBFB}</UniqueIdentifier>
      <Extensions>h;hh;hpp;hxx;h++;hm;inl;inc;ipp;xsd</Extensions>
    </Filter>
    <Filter Include="Resource Files">
      <UniqueIdentifier>{67DA6AB6-F800-4c08-8B7A-83BB121AAD01}</UniqueIdentifier>
      <Extensions>rc;ico;cur;bmp;dlg;rc2;rct;bin;rgs;gif;jpg;jpeg;jpe;resx;tiff;tif;png;wav;mfcribbon-ms</Extensions>
    </Filter>
  </ItemGroup>
  <ItemGroup>
    <ClInclude Include="Public\Base\NumericTypes.h">
      <Filter>Header Files</Filter>
    </ClInclude>
    <ClInclude Include="Public\Base\Templated.h">
      <Filter>Header Files</Filter>
    </ClInclude>
    <ClInclude Include="Public\Engine\EngineLoop.h">
      <Filter>Header Files</Filter>
    </ClInclude>
    <ClInclude Include="Public\Engine\EngineGlobals.h">
      <Filter>Header Files</Filter>
    </ClInclude>
    <ClInclude Include="Public\Engine\EngineBoot.h">
      <Filter>Header Files</Filter>
    </ClInclude>
    <ClInclude Include="Public\Launch\SecureMain.h">
      <Filter>Header Files</Filter>
    </ClInclude>
    <ClInclude Include="Public\Base\MemoryUtilities.h">
      <Filter>Header Files</Filter>
    </ClInclude>
    <ClInclude Include="Public\Base\Templated.h">
      <Filter>Header Files</Filter>
    </ClInclude>
    <ClInclude Include="Public\Base\Memory\AllocatorPolicyBase.h">
      <Filter>Header Files</Filter>
    </ClInclude>
    <ClInclude Include="Public\Base\Allocators.h">
      <Filter>Header Files</Filter>
    </ClInclude>
    <ClInclude Include="Public\Base\Memory\FixedStackAllocatorPolicy.h">
      <Filter>Header Files</Filter>
    </ClInclude>
    <ClInclude Include="Public\Base\Memory\FixedHeapAllocatorPolicy.h">
      <Filter>Header Files</Filter>
    </ClInclude>
    <ClInclude Include="Public\Platform\PlatformMemory.h">
      <Filter>Header Files</Filter>
    </ClInclude>
    <ClInclude Include="Public\Platform\Windows\WindowsPlatformMemory.h">
      <Filter>Header Files</Filter>
    </ClInclude>
    <ClInclude Include="Public\Platform\Windows\WindowsBase.h">
      <Filter>Header Files</Filter>
    </ClInclude>
    <ClInclude Include="Public\Platform\Null\NullPlatformMemory.h">
      <Filter>Header Files</Filter>
    </ClInclude>
    <ClInclude Include="Public\Input\Keycode.h">
      <Filter>Header Files</Filter>
    </ClInclude>
    <ClInclude Include="Public\Input\InputDevice.h">
      <Filter>Header Files</Filter>
    </ClInclude>
    <ClInclude Include="Public\Input\InputSystem.h">
      <Filter>Header Files</Filter>
    </ClInclude>
    <ClInclude Include="Public\Platform\PlatformKeyboard.h">
      <Filter>Header Files</Filter>
    </ClInclude>
    <ClInclude Include="Public\Platform\Null\NullPlatformKeyboard.h">
      <Filter>Header Files</Filter>
    </ClInclude>
    <ClInclude Include="Public\Platform\Windows\WindowsPlatformKeyboard.h">
      <Filter>Header Files</Filter>
    </ClInclude>
    <ClInclude Include="Public\Platform\PlatformConsole.h">
      <Filter>Header Files</Filter>
    </ClInclude>
    <ClInclude Include="Public\Platform\Null\NullPlatformConsole.h">
      <Filter>Header Files</Filter>
    </ClInclude>
    <ClInclude Include="Public\Platform\Windows\WindowsPlatformConsole.h">
      <Filter>Header Files</Filter>
    </ClInclude>
    <ClInclude Include="Public\Base\IOBase.h">
      <Filter>Header Files</Filter>
    </ClInclude>
    <ClInclude Include="Public\Base\UUID.h">
      <Filter>Header Files</Filter>
    </ClInclude>
    <ClInclude Include="Public\Base\Diagnostics.h">
      <Filter>Header Files</Filter>
    </ClInclude>
    <ClInclude Include="Public\Base\Common.h">
      <Filter>Header Files</Filter>
    </ClInclude>
    <ClInclude Include="Public\Base\Clock.h">
      <Filter>Header Files</Filter>
    </ClInclude>
    <ClInclude Include="Public\Platform\PlatformSystemClock.h">
      <Filter>Header Files</Filter>
    </ClInclude>
    <ClInclude Include="Public\Platform\Null\NullPlatformSystemClock.h">
      <Filter>Header Files</Filter>
    </ClInclude>
    <ClInclude Include="Public\Platform\Windows\WindowsPlatformSystemClock.h">
      <Filter>Header Files</Filter>
    </ClInclude>
    <ClInclude Include="Public\Base\TimePoint.h">
      <Filter>Header Files</Filter>
    </ClInclude>
    <ClInclude Include="Public\Base\StringView.h">
      <Filter>Header Files</Filter>
    </ClInclude>
    <ClInclude Include="Public\Base\Export.h">
      <Filter>Header Files</Filter>
    </ClInclude>
    <ClInclude Include="Public\Base\StringUtils.h">
      <Filter>Header Files</Filter>
    </ClInclude>
    <ClInclude Include="Public\Engine\BaseWindow.h">
      <Filter>Header Files</Filter>
    </ClInclude>
    <ClInclude Include="Public\Math\Scalar.h">
      <Filter>Header Files</Filter>
    </ClInclude>
    <ClInclude Include="Public\Math\Vector2.h">
      <Filter>Header Files</Filter>
    </ClInclude>
    <ClInclude Include="Public\Math\Point.h">
      <Filter>Header Files</Filter>
    </ClInclude>
    <ClInclude Include="Public\Base\Scope.h">
      <Filter>Header Files</Filter>
    </ClInclude>
    <ClInclude Include="Public\Platform\PlatformWindow.h">
      <Filter>Header Files</Filter>
    </ClInclude>
    <ClInclude Include="Public\Platform\Null\NullPlatformWindow.h">
      <Filter>Header Files</Filter>
    </ClInclude>
    <ClInclude Include="Public\Platform\Windows\WindowsPlatformWindow.h">
      <Filter>Header Files</Filter>
    </ClInclude>
    <ClInclude Include="Public\Base\BuildVersion.h">
      <Filter>Header Files</Filter>
    </ClInclude>
    <ClInclude Include="Public\Base\Hash.h">
      <Filter>Header Files</Filter>
    </ClInclude>
    <ClInclude Include="Public\Base\StaticVector.h">
      <Filter>Header Files</Filter>
    </ClInclude>
    <ClInclude Include="Public\Base\Assert.h">
      <Filter>Header Files</Filter>
    </ClInclude>
    <ClInclude Include="Public\Base\MacroUtils.h">
      <Filter>Header Files</Filter>
    </ClInclude>
    <ClInclude Include="Public\Math\Setup.h">
      <Filter>Header Files</Filter>
    </ClInclude>
    <ClInclude Include="Public\Math\Vector3.h">
      <Filter>Header Files</Filter>
    </ClInclude>
    <ClInclude Include="Public\Base\Thread.h">
      <Filter>Header Files</Filter>
    </ClInclude>
    <ClInclude Include="Public\Platform\PlatformThread.h">
      <Filter>Header Files</Filter>
    </ClInclude>
    <ClInclude Include="Public\Platform\Windows\WindowsPlatformThread.h">
      <Filter>Header Files</Filter>
    </ClInclude>
    <ClInclude Include="Public\Platform\Null\NullPlatformThread.h">
      <Filter>Header Files</Filter>
    </ClInclude>
    <ClInclude Include="Public\Base\Mutex.h">
      <Filter>Header Files</Filter>
    </ClInclude>
    <ClInclude Include="Public\Engine\SplashScreen.h">
      <Filter>Header Files</Filter>
    </ClInclude>
    <ClInclude Include="Public\Platform\Windows\WindowsPlatformFilesystem.h">
      <Filter>Header Files</Filter>
    </ClInclude>
    <ClInclude Include="Public\Engine\RHI\Common.h">
      <Filter>Header Files</Filter>
    </ClInclude>
    <ClInclude Include="Public\Math\Math.h">
      <Filter>Header Files</Filter>
    </ClInclude>
    <ClInclude Include="Public\Math\Vector4.h">
      <Filter>Header Files</Filter>
    </ClInclude>
    <ClInclude Include="Public\Math\Quaternion.h">
      <Filter>Header Files</Filter>
    </ClInclude>
    <ClInclude Include="Public\Math\Functions.h">
      <Filter>Header Files</Filter>
    </ClInclude>
    <ClInclude Include="Public\Math\Matrix3.h">
      <Filter>Header Files</Filter>
    </ClInclude>
    <ClInclude Include="Public\Math\Matrix4.h">
      <Filter>Header Files</Filter>
    </ClInclude>
    <ClInclude Include="Public\Math\Packed.h">
      <Filter>Header Files</Filter>
    </ClInclude>
    <ClInclude Include="Public\Math\Half.h">
      <Filter>Header Files</Filter>
    </ClInclude>
    <ClInclude Include="Public\Math\Projection.h">
      <Filter>Header Files</Filter>
    </ClInclude>
    <ClInclude Include="Public\Base\String.h">
      <Filter>Header Files</Filter>
    </ClInclude>
    <ClInclude Include="Public\Base\PolicyAllocator.h">
      <Filter>Header Files</Filter>
    </ClInclude>
    <ClInclude Include="Public\Engine\Application.h">
      <Filter>Header Files</Filter>
    </ClInclude>
    <ClInclude Include="Public\Engine\GameRuntimeApplication.h">
      <Filter>Header Files</Filter>
    </ClInclude>
    <ClInclude Include="Public\Base\Algorithms.h">
      <Filter>Header Files</Filter>
    </ClInclude>
    <ClInclude Include="Public\Base\CRC.h">
      <Filter>Header Files</Filter>
    </ClInclude>
    <ClInclude Include="Public\Base\Utilities.h">
      <Filter>Header Files</Filter>
    </ClInclude>
    <ClInclude Include="Public\Base\MD5.h">
      <Filter>Header Files</Filter>
    </ClInclude>
    <ClInclude Include="Public\Engine\RenderThread.h">
      <Filter>Header Files</Filter>
    </ClInclude>
    <ClInclude Include="Public\Base\ArrayView.h">
      <Filter>Header Files</Filter>
    </ClInclude>
    <ClInclude Include="Public\Base\Optional.h">
      <Filter>Header Files</Filter>
    </ClInclude>
    <ClInclude Include="Public\Engine\RHI\RHI.h">
      <Filter>Header Files</Filter>
    </ClInclude>
    <ClInclude Include="Public\Engine\VulkanRHI\Common.h">
      <Filter>Header Files</Filter>
    </ClInclude>
    <ClInclude Include="Public\Base\Vector.h">
      <Filter>Header Files</Filter>
    </ClInclude>
    <ClInclude Include="Public\Base\Ref.h">
      <Filter>Header Files</Filter>
    </ClInclude>
  </ItemGroup>
  <ItemGroup>
    <ClCompile Include="Source\Base\Memory\AllocatorPolicyBase.cpp">
      <Filter>Source Files</Filter>
    </ClCompile>
    <ClCompile Include="Source\Base\Memory\FixedHeapAllocatorPolicy.cpp">
      <Filter>Source Files</Filter>
    </ClCompile>
    <ClCompile Include="Source\Base\Diagnostics.cpp">
      <Filter>Source Files</Filter>
    </ClCompile>
    <ClCompile Include="Source\Base\Hash.cpp">
      <Filter>Source Files</Filter>
    </ClCompile>
    <ClCompile Include="Source\Base\MemoryUtilities.cpp">
      <Filter>Source Files</Filter>
    </ClCompile>
    <ClCompile Include="Source\Base\String.cpp">
      <Filter>Source Files</Filter>
    </ClCompile>
    <ClCompile Include="Source\Base\StringUtils.cpp">
      <Filter>Source Files</Filter>
    </ClCompile>
    <ClCompile Include="Source\Base\StringView.cpp">
      <Filter>Source Files</Filter>
    </ClCompile>
    <ClCompile Include="Source\Base\Thread.cpp">
      <Filter>Source Files</Filter>
    </ClCompile>
    <ClCompile Include="Source\Base\TimePoint.cpp">
      <Filter>Source Files</Filter>
    </ClCompile>
    <ClCompile Include="Source\Base\UUID.cpp">
      <Filter>Source Files</Filter>
    </ClCompile>
    <ClCompile Include="Source\Base\BuildVersion.cpp">
      <Filter>Source Files</Filter>
    </ClCompile>
    <ClCompile Include="Source\Engine\BaseWindow.cpp">
      <Filter>Source Files</Filter>
    </ClCompile>
    <ClCompile Include="Source\Engine\EngineBoot.cpp">
      <Filter>Source Files</Filter>
    </ClCompile>
    <ClCompile Include="Source\Engine\EngineLoop.cpp">
      <Filter>Source Files</Filter>
    </ClCompile>
    <ClCompile Include="Source\Input\InputDevice.cpp">
      <Filter>Source Files</Filter>
    </ClCompile>
    <ClCompile Include="Source\Input\InputSystem.cpp">
      <Filter>Source Files</Filter>
    </ClCompile>
    <ClCompile Include="Source\Input\KeyboardInputDevice.cpp">
      <Filter>Source Files</Filter>
    </ClCompile>
    <ClCompile Include="Source\Input\MouseInputDevice.cpp">
      <Filter>Source Files</Filter>
    </ClCompile>
    <ClCompile Include="Source\Launch\SecureMain.cpp">
      <Filter>Source Files</Filter>
    </ClCompile>
    <ClCompile Include="Source\Math\Half.cpp">
      <Filter>Source Files</Filter>
    </ClCompile>
    <ClCompile Include="Source\Math\Matrix3.cpp">
      <Filter>Source Files</Filter>
    </ClCompile>
    <ClCompile Include="Source\Math\Matrix4.cpp">
      <Filter>Source Files</Filter>
    </ClCompile>
    <ClCompile Include="Source\Math\MatrixFunctions.cpp">
      <Filter>Source Files</Filter>
    </ClCompile>
    <ClCompile Include="Source\Math\Packed.cpp">
      <Filter>Source Files</Filter>
    </ClCompile>
    <ClCompile Include="Source\Math\Projection.cpp">
      <Filter>Source Files</Filter>
    </ClCompile>
    <ClCompile Include="Source\Math\Quaternion.cpp">
      <Filter>Source Files</Filter>
    </ClCompile>
    <ClCompile Include="Source\Math\Scalar.cpp">
      <Filter>Source Files</Filter>
    </ClCompile>
    <ClCompile Include="Source\Math\Vector2.cpp">
      <Filter>Source Files</Filter>
    </ClCompile>
    <ClCompile Include="Source\Math\Vector3.cpp">
      <Filter>Source Files</Filter>
    </ClCompile>
    <ClCompile Include="Source\Math\Vector4.cpp">
      <Filter>Source Files</Filter>
    </ClCompile>
    <ClCompile Include="Source\Math\VectorFunctions.cpp">
      <Filter>Source Files</Filter>
    </ClCompile>
    <ClCompile Include="Source\Platform\Null\NullPlatformConsole.cpp">
      <Filter>Source Files</Filter>
    </ClCompile>
    <ClCompile Include="Source\Platform\Null\NullPlatformKeyboard.cpp">
      <Filter>Source Files</Filter>
    </ClCompile>
    <ClCompile Include="Source\Platform\Null\NullPlatformMemory.cpp">
      <Filter>Source Files</Filter>
    </ClCompile>
    <ClCompile Include="Source\Platform\Null\NullPlatformSystemClock.cpp">
      <Filter>Source Files</Filter>
    </ClCompile>
    <ClCompile Include="Source\Platform\Null\NullPlatformWindow.cpp">
      <Filter>Source Files</Filter>
    </ClCompile>
    <ClCompile Include="Source\Platform\Windows\WindowsBase.cpp">
      <Filter>Source Files</Filter>
    </ClCompile>
    <ClCompile Include="Source\Platform\Windows\WindowsPlatformAssert.cpp">
      <Filter>Source Files</Filter>
    </ClCompile>
    <ClCompile Include="Source\Platform\Windows\WindowsPlatformConsole.cpp">
      <Filter>Source Files</Filter>
    </ClCompile>
    <ClCompile Include="Source\Platform\Windows\WindowsPlatformFilesystem.cpp">
      <Filter>Source Files</Filter>
    </ClCompile>
    <ClCompile Include="Source\Platform\Windows\WindowsPlatformKeyboard.cpp">
      <Filter>Source Files</Filter>
    </ClCompile>
    <ClCompile Include="Source\Platform\Windows\WindowsPlatformMemory.cpp">
      <Filter>Source Files</Filter>
    </ClCompile>
    <ClCompile Include="Source\Platform\Windows\WindowsPlatformMutexLock.cpp">
      <Filter>Source Files</Filter>
    </ClCompile>
    <ClCompile Include="Source\Platform\Windows\WindowsPlatformSystemClock.cpp">
      <Filter>Source Files</Filter>
    </ClCompile>
    <ClCompile Include="Source\Platform\Windows\WindowsPlatformThread.cpp">
      <Filter>Source Files</Filter>
    </ClCompile>
    <ClCompile Include="Source\Platform\Windows\WindowsPlatformWindow.cpp">
      <Filter>Source Files</Filter>
    </ClCompile>
    <ClCompile Include="Source\Platform\PlatformConsole.cpp">
      <Filter>Source Files</Filter>
    </ClCompile>
    <ClCompile Include="Source\Base\Memory\AllocatorPolicyBase.cpp">
      <Filter>Source Files</Filter>
    </ClCompile>
    <ClCompile Include="Source\Base\Memory\FixedHeapAllocatorPolicy.cpp">
      <Filter>Source Files</Filter>
    </ClCompile>
    <ClCompile Include="Source\Base\Diagnostics.cpp">
      <Filter>Source Files</Filter>
    </ClCompile>
    <ClCompile Include="Source\Base\Hash.cpp">
      <Filter>Source Files</Filter>
    </ClCompile>
    <ClCompile Include="Source\Base\MemoryUtilities.cpp">
      <Filter>Source Files</Filter>
    </ClCompile>
    <ClCompile Include="Source\Base\String.cpp">
      <Filter>Source Files</Filter>
    </ClCompile>
    <ClCompile Include="Source\Base\StringUtils.cpp">
      <Filter>Source Files</Filter>
    </ClCompile>
    <ClCompile Include="Source\Base\StringView.cpp">
      <Filter>Source Files</Filter>
    </ClCompile>
    <ClCompile Include="Source\Base\Thread.cpp">
      <Filter>Source Files</Filter>
    </ClCompile>
    <ClCompile Include="Source\Base\TimePoint.cpp">
      <Filter>Source Files</Filter>
    </ClCompile>
    <ClCompile Include="Source\Base\UUID.cpp">
      <Filter>Source Files</Filter>
    </ClCompile>
    <ClCompile Include="Source\Engine\BaseWindow.cpp">
      <Filter>Source Files</Filter>
    </ClCompile>
    <ClCompile Include="Source\Engine\EngineBoot.cpp">
      <Filter>Source Files</Filter>
    </ClCompile>
    <ClCompile Include="Source\Engine\EngineLoop.cpp">
      <Filter>Source Files</Filter>
    </ClCompile>
    <ClCompile Include="Source\Input\InputDevice.cpp">
      <Filter>Source Files</Filter>
    </ClCompile>
    <ClCompile Include="Source\Input\InputSystem.cpp">
      <Filter>Source Files</Filter>
    </ClCompile>
    <ClCompile Include="Source\Input\KeyboardInputDevice.cpp">
      <Filter>Source Files</Filter>
    </ClCompile>
    <ClCompile Include="Source\Input\MouseInputDevice.cpp">
      <Filter>Source Files</Filter>
    </ClCompile>
    <ClCompile Include="Source\Launch\SecureMain.cpp">
      <Filter>Source Files</Filter>
    </ClCompile>
    <ClCompile Include="Source\Math\Half.cpp">
      <Filter>Source Files</Filter>
    </ClCompile>
    <ClCompile Include="Source\Math\Matrix3.cpp">
      <Filter>Source Files</Filter>
    </ClCompile>
    <ClCompile Include="Source\Math\Matrix4.cpp">
      <Filter>Source Files</Filter>
    </ClCompile>
    <ClCompile Include="Source\Math\MatrixFunctions.cpp">
      <Filter>Source Files</Filter>
    </ClCompile>
    <ClCompile Include="Source\Math\Packed.cpp">
      <Filter>Source Files</Filter>
    </ClCompile>
    <ClCompile Include="Source\Math\Projection.cpp">
      <Filter>Source Files</Filter>
    </ClCompile>
    <ClCompile Include="Source\Math\Quaternion.cpp">
      <Filter>Source Files</Filter>
    </ClCompile>
    <ClCompile Include="Source\Math\Scalar.cpp">
      <Filter>Source Files</Filter>
    </ClCompile>
    <ClCompile Include="Source\Math\Vector2.cpp">
      <Filter>Source Files</Filter>
    </ClCompile>
    <ClCompile Include="Source\Math\Vector3.cpp">
      <Filter>Source Files</Filter>
    </ClCompile>
    <ClCompile Include="Source\Math\Vector4.cpp">
      <Filter>Source Files</Filter>
    </ClCompile>
    <ClCompile Include="Source\Math\VectorFunctions.cpp">
      <Filter>Source Files</Filter>
    </ClCompile>
    <ClCompile Include="Source\Platform\Null\NullPlatformConsole.cpp">
      <Filter>Source Files</Filter>
    </ClCompile>
    <ClCompile Include="Source\Platform\Null\NullPlatformKeyboard.cpp">
      <Filter>Source Files</Filter>
    </ClCompile>
    <ClCompile Include="Source\Platform\Null\NullPlatformMemory.cpp">
      <Filter>Source Files</Filter>
    </ClCompile>
    <ClCompile Include="Source\Platform\Null\NullPlatformSystemClock.cpp">
      <Filter>Source Files</Filter>
    </ClCompile>
    <ClCompile Include="Source\Platform\Null\NullPlatformWindow.cpp">
      <Filter>Source Files</Filter>
    </ClCompile>
    <ClCompile Include="Source\Platform\Windows\WindowsBase.cpp">
      <Filter>Source Files</Filter>
    </ClCompile>
    <ClCompile Include="Source\Platform\Windows\WindowsPlatformAssert.cpp">
      <Filter>Source Files</Filter>
    </ClCompile>
    <ClCompile Include="Source\Platform\Windows\WindowsPlatformConsole.cpp">
      <Filter>Source Files</Filter>
    </ClCompile>
    <ClCompile Include="Source\Platform\Windows\WindowsPlatformFilesystem.cpp">
      <Filter>Source Files</Filter>
    </ClCompile>
    <ClCompile Include="Source\Platform\Windows\WindowsPlatformKeyboard.cpp">
      <Filter>Source Files</Filter>
    </ClCompile>
    <ClCompile Include="Source\Platform\Windows\WindowsPlatformMemory.cpp">
      <Filter>Source Files</Filter>
    </ClCompile>
    <ClCompile Include="Source\Platform\Windows\WindowsPlatformMutexLock.cpp">
      <Filter>Source Files</Filter>
    </ClCompile>
    <ClCompile Include="Source\Platform\Windows\WindowsPlatformSystemClock.cpp">
      <Filter>Source Files</Filter>
    </ClCompile>
    <ClCompile Include="Source\Platform\Windows\WindowsPlatformThread.cpp">
      <Filter>Source Files</Filter>
    </ClCompile>
    <ClCompile Include="Source\Platform\Windows\WindowsPlatformWindow.cpp">
      <Filter>Source Files</Filter>
    </ClCompile>
    <ClCompile Include="Source\Platform\PlatformConsole.cpp">
      <Filter>Source Files</Filter>
    </ClCompile>
    <ClCompile Include="Source\Base\Allocators.cpp">
      <Filter>Source Files</Filter>
    </ClCompile>
    <ClCompile Include="Source\Engine\GameRuntimeApplication.cpp">
      <Filter>Source Files</Filter>
    </ClCompile>
    <ClCompile Include="Source\Engine\Application.cpp">
      <Filter>Source Files</Filter>
    </ClCompile>
    <ClCompile Include="Source\Base\CRC.cpp">
      <Filter>Source Files</Filter>
    </ClCompile>
    <ClCompile Include="Source\Base\MD5.cpp">
      <Filter>Source Files</Filter>
    </ClCompile>
    <ClCompile Include="Source\Engine\Renderer\RenderThread.cpp">
      <Filter>Source Files</Filter>
    </ClCompile>
    <ClCompile Include="Source\Engine\RHI\RHI.cpp">
      <Filter>Source Files</Filter>
    </ClCompile>
    <ClCompile Include="Source\Engine\VulkanRHI\Common.cpp">
      <Filter>Source Files</Filter>
    </ClCompile>
  </ItemGroup>
  <ItemGroup>
    <None Include="cpp.hint" />
  </ItemGroup>
  <ItemGroup>
    <Natvis Include="DataTypes.natvis" />
  </ItemGroup>
</Project>